// !$*UTF8*$!
{
	archiveVersion = 1;
	classes = {
	};
	objectVersion = 46;
	objects = {

/* Begin PBXBuildFile section */
		F682009B1C99231E00B2314E /* AppDelegate.swift in Sources */ = {isa = PBXBuildFile; fileRef = F682009A1C99231E00B2314E /* AppDelegate.swift */; };
		F682009D1C99231E00B2314E /* ViewController.swift in Sources */ = {isa = PBXBuildFile; fileRef = F682009C1C99231E00B2314E /* ViewController.swift */; };
		F68200A01C99231E00B2314E /* Main.storyboard in Resources */ = {isa = PBXBuildFile; fileRef = F682009E1C99231E00B2314E /* Main.storyboard */; };
		F68200A21C99231E00B2314E /* Assets.xcassets in Resources */ = {isa = PBXBuildFile; fileRef = F68200A11C99231E00B2314E /* Assets.xcassets */; };
		F68200A51C99231E00B2314E /* LaunchScreen.storyboard in Resources */ = {isa = PBXBuildFile; fileRef = F68200A31C99231E00B2314E /* LaunchScreen.storyboard */; };
		F68200AD1C99257A00B2314E /* CoreLocation.framework in Frameworks */ = {isa = PBXBuildFile; fileRef = F68200AC1C99257A00B2314E /* CoreLocation.framework */; };
/* End PBXBuildFile section */

/* Begin PBXFileReference section */
		F68200971C99231E00B2314E /* GPS Tracker App.app */ = {isa = PBXFileReference; explicitFileType = wrapper.application; includeInIndex = 0; path = "GPS Tracker App.app"; sourceTree = BUILT_PRODUCTS_DIR; };
		F682009A1C99231E00B2314E /* AppDelegate.swift */ = {isa = PBXFileReference; lastKnownFileType = sourcecode.swift; path = AppDelegate.swift; sourceTree = "<group>"; };
		F682009C1C99231E00B2314E /* ViewController.swift */ = {isa = PBXFileReference; lastKnownFileType = sourcecode.swift; path = ViewController.swift; sourceTree = "<group>"; };
		F682009F1C99231E00B2314E /* Base */ = {isa = PBXFileReference; lastKnownFileType = file.storyboard; name = Base; path = Base.lproj/Main.storyboard; sourceTree = "<group>"; };
		F68200A11C99231E00B2314E /* Assets.xcassets */ = {isa = PBXFileReference; lastKnownFileType = folder.assetcatalog; path = Assets.xcassets; sourceTree = "<group>"; };
		F68200A41C99231E00B2314E /* Base */ = {isa = PBXFileReference; lastKnownFileType = file.storyboard; name = Base; path = Base.lproj/LaunchScreen.storyboard; sourceTree = "<group>"; };
		F68200A61C99231E00B2314E /* Info.plist */ = {isa = PBXFileReference; lastKnownFileType = text.plist.xml; path = Info.plist; sourceTree = "<group>"; };
		F68200AC1C99257A00B2314E /* CoreLocation.framework */ = {isa = PBXFileReference; lastKnownFileType = wrapper.framework; name = CoreLocation.framework; path = System/Library/Frameworks/CoreLocation.framework; sourceTree = SDKROOT; };
/* End PBXFileReference section */

/* Begin PBXFrameworksBuildPhase section */
		F68200941C99231E00B2314E /* Frameworks */ = {
			isa = PBXFrameworksBuildPhase;
			buildActionMask = 2147483647;
			files = (
				F68200AD1C99257A00B2314E /* CoreLocation.framework in Frameworks */,
			);
			runOnlyForDeploymentPostprocessing = 0;
		};
/* End PBXFrameworksBuildPhase section */

/* Begin PBXGroup section */
		F682008E1C99231E00B2314E = {
			isa = PBXGroup;
			children = (
				F68200AC1C99257A00B2314E /* CoreLocation.framework */,
				F68200991C99231E00B2314E /* GPS Tracker App */,
				F68200981C99231E00B2314E /* Products */,
			);
			sourceTree = "<group>";
		};
		F68200981C99231E00B2314E /* Products */ = {
			isa = PBXGroup;
			children = (
				F68200971C99231E00B2314E /* GPS Tracker App.app */,
			);
			name = Products;
			sourceTree = "<group>";
		};
		F68200991C99231E00B2314E /* GPS Tracker App */ = {
			isa = PBXGroup;
			children = (
				F682009A1C99231E00B2314E /* AppDelegate.swift */,
				F682009C1C99231E00B2314E /* ViewController.swift */,
				F682009E1C99231E00B2314E /* Main.storyboard */,
				F68200A11C99231E00B2314E /* Assets.xcassets */,
				F68200A31C99231E00B2314E /* LaunchScreen.storyboard */,
				F68200A61C99231E00B2314E /* Info.plist */,
			);
			path = "GPS Tracker App";
			sourceTree = "<group>";
		};
/* End PBXGroup section */

/* Begin PBXNativeTarget section */
		F68200961C99231E00B2314E /* GPS Tracker App */ = {
			isa = PBXNativeTarget;
			buildConfigurationList = F68200A91C99231E00B2314E /* Build configuration list for PBXNativeTarget "GPS Tracker App" */;
			buildPhases = (
				F68200931C99231E00B2314E /* Sources */,
				F68200941C99231E00B2314E /* Frameworks */,
				F68200951C99231E00B2314E /* Resources */,
			);
			buildRules = (
			);
			dependencies = (
			);
			name = "GPS Tracker App";
			productName = "GPS Tracker App";
			productReference = F68200971C99231E00B2314E /* GPS Tracker App.app */;
			productType = "com.apple.product-type.application";
		};
/* End PBXNativeTarget section */

/* Begin PBXProject section */
		F682008F1C99231E00B2314E /* Project object */ = {
			isa = PBXProject;
			attributes = {
				LastSwiftUpdateCheck = 0720;
				LastUpgradeCheck = 0720;
				ORGANIZATIONNAME = "Sekai Lab BD";
				TargetAttributes = {
					F68200961C99231E00B2314E = {
						CreatedOnToolsVersion = 7.2.1;
					};
				};
			};
			buildConfigurationList = F68200921C99231E00B2314E /* Build configuration list for PBXProject "GPS Tracker App" */;
			compatibilityVersion = "Xcode 3.2";
			developmentRegion = English;
			hasScannedForEncodings = 0;
			knownRegions = (
				en,
				Base,
			);
			mainGroup = F682008E1C99231E00B2314E;
			productRefGroup = F68200981C99231E00B2314E /* Products */;
			projectDirPath = "";
			projectRoot = "";
			targets = (
				F68200961C99231E00B2314E /* GPS Tracker App */,
			);
		};
/* End PBXProject section */

/* Begin PBXResourcesBuildPhase section */
		F68200951C99231E00B2314E /* Resources */ = {
			isa = PBXResourcesBuildPhase;
			buildActionMask = 2147483647;
			files = (
				F68200A51C99231E00B2314E /* LaunchScreen.storyboard in Resources */,
				F68200A21C99231E00B2314E /* Assets.xcassets in Resources */,
				F68200A01C99231E00B2314E /* Main.storyboard in Resources */,
			);
			runOnlyForDeploymentPostprocessing = 0;
		};
/* End PBXResourcesBuildPhase section */

/* Begin PBXSourcesBuildPhase section */
		F68200931C99231E00B2314E /* Sources */ = {
			isa = PBXSourcesBuildPhase;
			buildActionMask = 2147483647;
			files = (
				F682009D1C99231E00B2314E /* ViewController.swift in Sources */,
				F682009B1C99231E00B2314E /* AppDelegate.swift in Sources */,
			);
			runOnlyForDeploymentPostprocessing = 0;
		};
/* End PBXSourcesBuildPhase section */

/* Begin PBXVariantGroup section */
		F682009E1C99231E00B2314E /* Main.storyboard */ = {
			isa = PBXVariantGroup;
			children = (
				F682009F1C99231E00B2314E /* Base */,
			);
			name = Main.storyboard;
			sourceTree = "<group>";
		};
		F68200A31C99231E00B2314E /* LaunchScreen.storyboard */ = {
			isa = PBXVariantGroup;
			children = (
				F68200A41C99231E00B2314E /* Base */,
			);
			name = LaunchScreen.storyboard;
			sourceTree = "<group>";
		};
/* End PBXVariantGroup section */

/* Begin XCBuildConfiguration section */
		F68200A71C99231E00B2314E /* Debug */ = {
			isa = XCBuildConfiguration;
			buildSettings = {
				ALWAYS_SEARCH_USER_PATHS = NO;
				CLANG_CXX_LANGUAGE_STANDARD = "gnu++0x";
				CLANG_CXX_LIBRARY = "libc++";
				CLANG_ENABLE_MODULES = YES;
				CLANG_ENABLE_OBJC_ARC = YES;
				CLANG_WARN_BOOL_CONVERSION = YES;
				CLANG_WARN_CONSTANT_CONVERSION = YES;
				CLANG_WARN_DIRECT_OBJC_ISA_USAGE = YES_ERROR;
				CLANG_WARN_EMPTY_BODY = YES;
				CLANG_WARN_ENUM_CONVERSION = YES;
				CLANG_WARN_INT_CONVERSION = YES;
				CLANG_WARN_OBJC_ROOT_CLASS = YES_ERROR;
				CLANG_WARN_UNREACHABLE_CODE = YES;
				CLANG_WARN__DUPLICATE_METHOD_MATCH = YES;
				"CODE_SIGN_IDENTITY[sdk=iphoneos*]" = "iPhone Developer";
				COPY_PHASE_STRIP = NO;
				DEBUG_INFORMATION_FORMAT = dwarf;
				ENABLE_STRICT_OBJC_MSGSEND = YES;
				ENABLE_TESTABILITY = YES;
				GCC_C_LANGUAGE_STANDARD = gnu99;
				GCC_DYNAMIC_NO_PIC = NO;
				GCC_NO_COMMON_BLOCKS = YES;
				GCC_OPTIMIZATION_LEVEL = 0;
				GCC_PREPROCESSOR_DEFINITIONS = (
					"DEBUG=1",
					"$(inherited)",
				);
				GCC_WARN_64_TO_32_BIT_CONVERSION = YES;
				GCC_WARN_ABOUT_RETURN_TYPE = YES_ERROR;
				GCC_WARN_UNDECLARED_SELECTOR = YES;
				GCC_WARN_UNINITIALIZED_AUTOS = YES_AGGRESSIVE;
				GCC_WARN_UNUSED_FUNCTION = YES;
				GCC_WARN_UNUSED_VARIABLE = YES;
				IPHONEOS_DEPLOYMENT_TARGET = 9.2;
				MTL_ENABLE_DEBUG_INFO = YES;
				ONLY_ACTIVE_ARCH = YES;
				SDKROOT = iphoneos;
				SWIFT_OPTIMIZATION_LEVEL = "-Onone";
				TARGETED_DEVICE_FAMILY = "1,2";
			};
			name = Debug;
		};
		F68200A81C99231E00B2314E /* Release */ = {
			isa = XCBuildConfiguration;
			buildSettings = {
				ALWAYS_SEARCH_USER_PATHS = NO;
				CLANG_CXX_LANGUAGE_STANDARD = "gnu++0x";
				CLANG_CXX_LIBRARY = "libc++";
				CLANG_ENABLE_MODULES = YES;
				CLANG_ENABLE_OBJC_ARC = YES;
				CLANG_WARN_BOOL_CONVERSION = YES;
				CLANG_WARN_CONSTANT_CONVERSION = YES;
				CLANG_WARN_DIRECT_OBJC_ISA_USAGE = YES_ERROR;
				CLANG_WARN_EMPTY_BODY = YES;
				CLANG_WARN_ENUM_CONVERSION = YES;
				CLANG_WARN_INT_CONVERSION = YES;
				CLANG_WARN_OBJC_ROOT_CLASS = YES_ERROR;
				CLANG_WARN_UNREACHABLE_CODE = YES;
				CLANG_WARN__DUPLICATE_METHOD_MATCH = YES;
				"CODE_SIGN_IDENTITY[sdk=iphoneos*]" = "iPhone Developer";
				COPY_PHASE_STRIP = NO;
				DEBUG_INFORMATION_FORMAT = "dwarf-with-dsym";
				ENABLE_NS_ASSERTIONS = NO;
				ENABLE_STRICT_OBJC_MSGSEND = YES;
				GCC_C_LANGUAGE_STANDARD = gnu99;
				GCC_NO_COMMON_BLOCKS = YES;
				GCC_WARN_64_TO_32_BIT_CONVERSION = YES;
				GCC_WARN_ABOUT_RETURN_TYPE = YES_ERROR;
				GCC_WARN_UNDECLARED_SELECTOR = YES;
				GCC_WARN_UNINITIALIZED_AUTOS = YES_AGGRESSIVE;
				GCC_WARN_UNUSED_FUNCTION = YES;
				GCC_WARN_UNUSED_VARIABLE = YES;
				IPHONEOS_DEPLOYMENT_TARGET = 9.2;
				MTL_ENABLE_DEBUG_INFO = NO;
				SDKROOT = iphoneos;
				TARGETED_DEVICE_FAMILY = "1,2";
				VALIDATE_PRODUCT = YES;
			};
			name = Release;
		};
		F68200AA1C99231E00B2314E /* Debug */ = {
			isa = XCBuildConfiguration;
			buildSettings = {
				ASSETCATALOG_COMPILER_APPICON_NAME = AppIcon;
				INFOPLIST_FILE = "GPS Tracker App/Info.plist";
				LD_RUNPATH_SEARCH_PATHS = "$(inherited) @executable_path/Frameworks";
				PRODUCT_BUNDLE_IDENTIFIER = "com.practice.sekai.GPS-Tracker-App";
				PRODUCT_NAME = "$(TARGET_NAME)";
			};
			name = Debug;
		};
		F68200AB1C99231E00B2314E /* Release */ = {
			isa = XCBuildConfiguration;
			buildSettings = {
				ASSETCATALOG_COMPILER_APPICON_NAME = AppIcon;
				INFOPLIST_FILE = "GPS Tracker App/Info.plist";
				LD_RUNPATH_SEARCH_PATHS = "$(inherited) @executable_path/Frameworks";
				PRODUCT_BUNDLE_IDENTIFIER = "com.practice.sekai.GPS-Tracker-App";
				PRODUCT_NAME = "$(TARGET_NAME)";
			};
			name = Release;
		};
/* End XCBuildConfiguration section */

/* Begin XCConfigurationList section */
		F68200921C99231E00B2314E /* Build configuration list for PBXProject "GPS Tracker App" */ = {
			isa = XCConfigurationList;
			buildConfigurations = (
				F68200A71C99231E00B2314E /* Debug */,
				F68200A81C99231E00B2314E /* Release */,
			);
			defaultConfigurationIsVisible = 0;
			defaultConfigurationName = Release;
		};
		F68200A91C99231E00B2314E /* Build configuration list for PBXNativeTarget "GPS Tracker App" */ = {
			isa = XCConfigurationList;
			buildConfigurations = (
				F68200AA1C99231E00B2314E /* Debug */,
				F68200AB1C99231E00B2314E /* Release */,
			);
			defaultConfigurationIsVisible = 0;
		};
/* End XCConfigurationList section */
	};
	rootObject = F682008F1C99231E00B2314E /* Project object */;
}
